// !$*UTF8*$!
{
	archiveVersion = 1;
	classes = {
	};
	objectVersion = 46;
	objects = {

/* Begin PBXBuildFile section */
		0149A2A529B404DC008467B1 /* Color+HexString.swift in Sources */ = {isa = PBXBuildFile; fileRef = 0149A2A429B404DC008467B1 /* Color+HexString.swift */; };
		0D4503741E2431CC00F5F4FE /* AppDelegate.swift in Sources */ = {isa = PBXBuildFile; fileRef = 0D4503731E2431CC00F5F4FE /* AppDelegate.swift */; };
		0D4503761E2431CC00F5F4FE /* ViewController.swift in Sources */ = {isa = PBXBuildFile; fileRef = 0D4503751E2431CC00F5F4FE /* ViewController.swift */; };
		0D4503781E2431CC00F5F4FE /* Assets.xcassets in Resources */ = {isa = PBXBuildFile; fileRef = 0D4503771E2431CC00F5F4FE /* Assets.xcassets */; };
		0D4503851E24323000F5F4FE /* Search.swift in Sources */ = {isa = PBXBuildFile; fileRef = 0D4503841E24323000F5F4FE /* Search.swift */; };
		0D4503881E24328700F5F4FE /* Main.storyboard in Resources */ = {isa = PBXBuildFile; fileRef = 0D4503861E24328700F5F4FE /* Main.storyboard */; };
		0DB50FA61E7BEB9C00403196 /* LICENSE in Resources */ = {isa = PBXBuildFile; fileRef = 0DB50FA51E7BEB9C00403196 /* LICENSE */; };
		1397261E2587E8D000551302 /* Sparkle.framework in Frameworks */ = {isa = PBXBuildFile; fileRef = 139725F82587E8BD00551302 /* Sparkle.framework */; };
		1397261F2587E8D000551302 /* Sparkle.framework in Embed Frameworks */ = {isa = PBXBuildFile; fileRef = 139725F82587E8BD00551302 /* Sparkle.framework */; settings = {ATTRIBUTES = (CodeSignOnCopy, RemoveHeadersOnCopy, ); }; };
		13B9526C259124DD00FF5457 /* LetsMove.framework in Frameworks */ = {isa = PBXBuildFile; fileRef = 13B95269259123A500FF5457 /* LetsMove.framework */; };
		13B9526D259124DD00FF5457 /* LetsMove.framework in Embed Frameworks */ = {isa = PBXBuildFile; fileRef = 13B95269259123A500FF5457 /* LetsMove.framework */; settings = {ATTRIBUTES = (CodeSignOnCopy, RemoveHeadersOnCopy, ); }; };
/* End PBXBuildFile section */

/* Begin PBXContainerItemProxy section */
		01DF4D70299BE88D00D986F9 /* PBXContainerItemProxy */ = {
			isa = PBXContainerItemProxy;
			containerPortal = 139725E42587E8BD00551302 /* Sparkle.xcodeproj */;
			proxyType = 2;
			remoteGlobalIDString = 726E07AD1CAF08D6001A286B;
			remoteInfo = SparkleInstallerLauncher;
		};
		01DF4D72299BE88D00D986F9 /* PBXContainerItemProxy */ = {
			isa = PBXContainerItemProxy;
			containerPortal = 139725E42587E8BD00551302 /* Sparkle.xcodeproj */;
			proxyType = 2;
			remoteGlobalIDString = 724BB36C1D31D0B7005D534A;
			remoteInfo = SparkleInstallerConnection;
		};
		01DF4D74299BE88D00D986F9 /* PBXContainerItemProxy */ = {
			isa = PBXContainerItemProxy;
			containerPortal = 139725E42587E8BD00551302 /* Sparkle.xcodeproj */;
			proxyType = 2;
			remoteGlobalIDString = 724BB3931D333832005D534A;
			remoteInfo = SparkleInstallerStatus;
		};
		01DF4D76299BE88D00D986F9 /* PBXContainerItemProxy */ = {
			isa = PBXContainerItemProxy;
			containerPortal = 139725E42587E8BD00551302 /* Sparkle.xcodeproj */;
			proxyType = 2;
			remoteGlobalIDString = 726E07EF1CAF37BD001A286B;
			remoteInfo = SparkleDownloader;
		};
		01DF4D78299BE88D00D986F9 /* PBXContainerItemProxy */ = {
			isa = PBXContainerItemProxy;
			containerPortal = 139725E42587E8BD00551302 /* Sparkle.xcodeproj */;
			proxyType = 2;
			remoteGlobalIDString = 726E4A161C86C88F00C57C6A;
			remoteInfo = TestAppHelper;
		};
		01DF4D7A299BE88D00D986F9 /* PBXContainerItemProxy */ = {
			isa = PBXContainerItemProxy;
			containerPortal = 139725E42587E8BD00551302 /* Sparkle.xcodeproj */;
			proxyType = 2;
			remoteGlobalIDString = 72D9549E1CBB415B006F28BD;
			remoteInfo = "sparkle-cli";
		};
		01DF4D7C299BE88D00D986F9 /* PBXContainerItemProxy */ = {
			isa = PBXContainerItemProxy;
			containerPortal = 139725E42587E8BD00551302 /* Sparkle.xcodeproj */;
			proxyType = 2;
			remoteGlobalIDString = 721C24451CB753E6005440CB;
			remoteInfo = "Installer Progress";
		};
		139725F72587E8BD00551302 /* PBXContainerItemProxy */ = {
			isa = PBXContainerItemProxy;
			containerPortal = 139725E42587E8BD00551302 /* Sparkle.xcodeproj */;
			proxyType = 2;
			remoteGlobalIDString = 8DC2EF5B0486A6940098B216;
			remoteInfo = Sparkle;
		};
		139725F92587E8BD00551302 /* PBXContainerItemProxy */ = {
			isa = PBXContainerItemProxy;
			containerPortal = 139725E42587E8BD00551302 /* Sparkle.xcodeproj */;
			proxyType = 2;
			remoteGlobalIDString = 61B5F90209C4CEE200B25A18;
			remoteInfo = "Sparkle Test App";
		};
		139725FB2587E8BD00551302 /* PBXContainerItemProxy */ = {
			isa = PBXContainerItemProxy;
			containerPortal = 139725E42587E8BD00551302 /* Sparkle.xcodeproj */;
			proxyType = 2;
			remoteGlobalIDString = 612279D90DB5470200AB99EA;
			remoteInfo = "Sparkle Unit Tests";
		};
		139725FD2587E8BD00551302 /* PBXContainerItemProxy */ = {
			isa = PBXContainerItemProxy;
			containerPortal = 139725E42587E8BD00551302 /* Sparkle.xcodeproj */;
			proxyType = 2;
			remoteGlobalIDString = 5D06E8D00FD68C7C005AE3F6;
			remoteInfo = BinaryDelta;
		};
		139725FF2587E8BD00551302 /* PBXContainerItemProxy */ = {
			isa = PBXContainerItemProxy;
			containerPortal = 139725E42587E8BD00551302 /* Sparkle.xcodeproj */;
			proxyType = 2;
			remoteGlobalIDString = 55C14BB7136EEF1500649790;
			remoteInfo = Autoupdate;
		};
		139726012587E8BD00551302 /* PBXContainerItemProxy */ = {
			isa = PBXContainerItemProxy;
			containerPortal = 139725E42587E8BD00551302 /* Sparkle.xcodeproj */;
			proxyType = 2;
			remoteGlobalIDString = 726B2B5D1C645FC900388755;
			remoteInfo = "UI Tests";
		};
		139726052587E8BD00551302 /* PBXContainerItemProxy */ = {
			isa = PBXContainerItemProxy;
			containerPortal = 139725E42587E8BD00551302 /* Sparkle.xcodeproj */;
			proxyType = 2;
			remoteGlobalIDString = 5AE13FB31E0D9E07000D2C2C;
			remoteInfo = generate_appcast;
		};
		139726072587E8BD00551302 /* PBXContainerItemProxy */ = {
			isa = PBXContainerItemProxy;
			containerPortal = 139725E42587E8BD00551302 /* Sparkle.xcodeproj */;
			proxyType = 2;
			remoteGlobalIDString = 5AB8F19F214DA72000A1187F;
			remoteInfo = generate_keys;
		};
		139726092587E8BD00551302 /* PBXContainerItemProxy */ = {
			isa = PBXContainerItemProxy;
			containerPortal = 139725E42587E8BD00551302 /* Sparkle.xcodeproj */;
			proxyType = 2;
			remoteGlobalIDString = 5A5ADED7214EDE4900DF0099;
			remoteInfo = sign_update;
		};
		1397260B2587E8BD00551302 /* PBXContainerItemProxy */ = {
			isa = PBXContainerItemProxy;
			containerPortal = 139725E42587E8BD00551302 /* Sparkle.xcodeproj */;
			proxyType = 2;
			remoteGlobalIDString = EA4311EA229D651300A5503D;
			remoteInfo = bsdiff;
		};
		1397260D2587E8BD00551302 /* PBXContainerItemProxy */ = {
			isa = PBXContainerItemProxy;
			containerPortal = 139725E42587E8BD00551302 /* Sparkle.xcodeproj */;
			proxyType = 2;
			remoteGlobalIDString = EA4311A0229D5FBC00A5503D;
			remoteInfo = ed25519;
		};
		13B95266259123A500FF5457 /* PBXContainerItemProxy */ = {
			isa = PBXContainerItemProxy;
			containerPortal = 13B95261259123A500FF5457 /* LetsMove.xcodeproj */;
			proxyType = 2;
			remoteGlobalIDString = 8D1107320486CEB800E47090;
			remoteInfo = "LetsMove Test";
		};
		13B95268259123A500FF5457 /* PBXContainerItemProxy */ = {
			isa = PBXContainerItemProxy;
			containerPortal = 13B95261259123A500FF5457 /* LetsMove.xcodeproj */;
			proxyType = 2;
			remoteGlobalIDString = F146F8271CE7094400233A9B;
			remoteInfo = LetsMove;
		};
/* End PBXContainerItemProxy section */

/* Begin PBXCopyFilesBuildPhase section */
		139726202587E8D000551302 /* Embed Frameworks */ = {
			isa = PBXCopyFilesBuildPhase;
			buildActionMask = 2147483647;
			dstPath = "";
			dstSubfolderSpec = 10;
			files = (
				1397261F2587E8D000551302 /* Sparkle.framework in Embed Frameworks */,
				13B9526D259124DD00FF5457 /* LetsMove.framework in Embed Frameworks */,
			);
			name = "Embed Frameworks";
			runOnlyForDeploymentPostprocessing = 0;
		};
/* End PBXCopyFilesBuildPhase section */

/* Begin PBXFileReference section */
		0149A2A429B404DC008467B1 /* Color+HexString.swift */ = {isa = PBXFileReference; lastKnownFileType = sourcecode.swift; path = "Color+HexString.swift"; sourceTree = "<group>"; };
		0D4503701E2431CC00F5F4FE /* App Downloader.app */ = {isa = PBXFileReference; explicitFileType = wrapper.application; includeInIndex = 0; path = "App Downloader.app"; sourceTree = BUILT_PRODUCTS_DIR; };
		0D4503731E2431CC00F5F4FE /* AppDelegate.swift */ = {isa = PBXFileReference; lastKnownFileType = sourcecode.swift; path = AppDelegate.swift; sourceTree = "<group>"; };
		0D4503751E2431CC00F5F4FE /* ViewController.swift */ = {isa = PBXFileReference; lastKnownFileType = sourcecode.swift; path = ViewController.swift; sourceTree = "<group>"; };
		0D4503771E2431CC00F5F4FE /* Assets.xcassets */ = {isa = PBXFileReference; lastKnownFileType = folder.assetcatalog; path = Assets.xcassets; sourceTree = "<group>"; };
		0D45037C1E2431CC00F5F4FE /* Info.plist */ = {isa = PBXFileReference; lastKnownFileType = text.plist.xml; path = Info.plist; sourceTree = "<group>"; };
		0D4503841E24323000F5F4FE /* Search.swift */ = {isa = PBXFileReference; fileEncoding = 4; lastKnownFileType = sourcecode.swift; path = Search.swift; sourceTree = "<group>"; };
		0D4503871E24328700F5F4FE /* Base */ = {isa = PBXFileReference; lastKnownFileType = file.storyboard; name = Base; path = Base.lproj/Main.storyboard; sourceTree = "<group>"; };
		0DB50FA51E7BEB9C00403196 /* LICENSE */ = {isa = PBXFileReference; fileEncoding = 4; lastKnownFileType = text; path = LICENSE; sourceTree = "<group>"; };
		0DB50FA71E7BECD000403196 /* README.md */ = {isa = PBXFileReference; fileEncoding = 4; lastKnownFileType = net.daringfireball.markdown; path = README.md; sourceTree = "<group>"; };
		136555532589483F00EC669C /* Security.framework */ = {isa = PBXFileReference; lastKnownFileType = wrapper.framework; name = Security.framework; path = System/Library/Frameworks/Security.framework; sourceTree = SDKROOT; };
		139725E42587E8BD00551302 /* Sparkle.xcodeproj */ = {isa = PBXFileReference; lastKnownFileType = "wrapper.pb-project"; name = Sparkle.xcodeproj; path = "sparkle-framework/Sparkle.xcodeproj"; sourceTree = "<group>"; };
		13B95261259123A500FF5457 /* LetsMove.xcodeproj */ = {isa = PBXFileReference; lastKnownFileType = "wrapper.pb-project"; name = LetsMove.xcodeproj; path = "lets-move-framework/LetsMove.xcodeproj"; sourceTree = "<group>"; };
		13D6F7312589EB97007DC4D0 /* app-downloader-auto-update.xml */ = {isa = PBXFileReference; lastKnownFileType = text.xml; path = "app-downloader-auto-update.xml"; sourceTree = "<group>"; };
/* End PBXFileReference section */

/* Begin PBXFrameworksBuildPhase section */
		0D45036D1E2431CC00F5F4FE /* Frameworks */ = {
			isa = PBXFrameworksBuildPhase;
			buildActionMask = 2147483647;
			files = (
				1397261E2587E8D000551302 /* Sparkle.framework in Frameworks */,
				13B9526C259124DD00FF5457 /* LetsMove.framework in Frameworks */,
			);
			runOnlyForDeploymentPostprocessing = 0;
		};
/* End PBXFrameworksBuildPhase section */

/* Begin PBXGroup section */
		0D4503671E2431CC00F5F4FE = {
			isa = PBXGroup;
			children = (
				0DB50FA71E7BECD000403196 /* README.md */,
				0DB50FA51E7BEB9C00403196 /* LICENSE */,
				13D6F7312589EB97007DC4D0 /* app-downloader-auto-update.xml */,
				0D4503721E2431CC00F5F4FE /* App Downloader */,
				139725E42587E8BD00551302 /* Sparkle.xcodeproj */,
				13B95261259123A500FF5457 /* LetsMove.xcodeproj */,
				0D4503711E2431CC00F5F4FE /* Products */,
				1397261D2587E8D000551302 /* Frameworks */,
			);
			sourceTree = "<group>";
		};
		0D4503711E2431CC00F5F4FE /* Products */ = {
			isa = PBXGroup;
			children = (
				0D4503701E2431CC00F5F4FE /* App Downloader.app */,
			);
			name = Products;
			sourceTree = "<group>";
		};
		0D4503721E2431CC00F5F4FE /* App Downloader */ = {
			isa = PBXGroup;
			children = (
				0D4503731E2431CC00F5F4FE /* AppDelegate.swift */,
				0D4503751E2431CC00F5F4FE /* ViewController.swift */,
				0D4503841E24323000F5F4FE /* Search.swift */,
				0149A2A429B404DC008467B1 /* Color+HexString.swift */,
				0D4503861E24328700F5F4FE /* Main.storyboard */,
				0D4503771E2431CC00F5F4FE /* Assets.xcassets */,
				0D45037C1E2431CC00F5F4FE /* Info.plist */,
			);
			path = "App Downloader";
			sourceTree = "<group>";
		};
		139725E52587E8BD00551302 /* Products */ = {
			isa = PBXGroup;
			children = (
				139725F82587E8BD00551302 /* Sparkle.framework */,
				139726002587E8BD00551302 /* Autoupdate */,
				01DF4D71299BE88D00D986F9 /* Installer.xpc */,
				01DF4D73299BE88D00D986F9 /* InstallerConnection.xpc */,
				01DF4D75299BE88D00D986F9 /* InstallerStatus.xpc */,
				01DF4D77299BE88D00D986F9 /* Downloader.xpc */,
				139725FA2587E8BD00551302 /* Sparkle Test App.app */,
				01DF4D79299BE88D00D986F9 /* TestAppHelper.xpc */,
				139725FC2587E8BD00551302 /* Sparkle Unit Tests.xctest */,
				139725FE2587E8BD00551302 /* BinaryDelta */,
				01DF4D7B299BE88D00D986F9 /* sparkle.app */,
				01DF4D7D299BE88D00D986F9 /* Updater.app */,
				139726022587E8BD00551302 /* UI Tests.xctest */,
				139726062587E8BD00551302 /* generate_appcast */,
				139726082587E8BD00551302 /* generate_keys */,
				1397260A2587E8BD00551302 /* sign_update */,
				1397260C2587E8BD00551302 /* libbsdiff.a */,
				1397260E2587E8BD00551302 /* libed25519.a */,
			);
			name = Products;
			sourceTree = "<group>";
		};
		1397261D2587E8D000551302 /* Frameworks */ = {
			isa = PBXGroup;
			children = (
				136555532589483F00EC669C /* Security.framework */,
			);
			name = Frameworks;
			sourceTree = "<group>";
		};
		13B95262259123A500FF5457 /* Products */ = {
			isa = PBXGroup;
			children = (
				13B95267259123A500FF5457 /* LetsMove Test.app */,
				13B95269259123A500FF5457 /* LetsMove.framework */,
			);
			name = Products;
			sourceTree = "<group>";
		};
/* End PBXGroup section */

/* Begin PBXNativeTarget section */
		0D45036F1E2431CC00F5F4FE /* App Downloader */ = {
			isa = PBXNativeTarget;
			buildConfigurationList = 0D45037F1E2431CC00F5F4FE /* Build configuration list for PBXNativeTarget "App Downloader" */;
			buildPhases = (
				0D45036C1E2431CC00F5F4FE /* Sources */,
				0D45036D1E2431CC00F5F4FE /* Frameworks */,
				0D45036E1E2431CC00F5F4FE /* Resources */,
				139726202587E8D000551302 /* Embed Frameworks */,
			);
			buildRules = (
			);
			dependencies = (
			);
			name = "App Downloader";
			productName = "App Downloader";
			productReference = 0D4503701E2431CC00F5F4FE /* App Downloader.app */;
			productType = "com.apple.product-type.application";
		};
/* End PBXNativeTarget section */

/* Begin PBXProject section */
		0D4503681E2431CC00F5F4FE /* Project object */ = {
			isa = PBXProject;
			attributes = {
				LastSwiftUpdateCheck = 0820;
				LastUpgradeCheck = 1420;
				TargetAttributes = {
					0D45036F1E2431CC00F5F4FE = {
						CreatedOnToolsVersion = 8.2.1;
						LastSwiftMigration = 1220;
						ProvisioningStyle = Automatic;
						SystemCapabilities = {
							com.apple.HardenedRuntime = {
								enabled = 1;
							};
							com.apple.Sandbox = {
								enabled = 1;
							};
						};
					};
				};
			};
			buildConfigurationList = 0D45036B1E2431CC00F5F4FE /* Build configuration list for PBXProject "App Downloader" */;
			compatibilityVersion = "Xcode 3.2";
			developmentRegion = en;
			hasScannedForEncodings = 0;
			knownRegions = (
				en,
				Base,
			);
			mainGroup = 0D4503671E2431CC00F5F4FE;
			productRefGroup = 0D4503711E2431CC00F5F4FE /* Products */;
			projectDirPath = "";
			projectReferences = (
				{
					ProductGroup = 13B95262259123A500FF5457 /* Products */;
					ProjectRef = 13B95261259123A500FF5457 /* LetsMove.xcodeproj */;
				},
				{
					ProductGroup = 139725E52587E8BD00551302 /* Products */;
					ProjectRef = 139725E42587E8BD00551302 /* Sparkle.xcodeproj */;
				},
			);
			projectRoot = "";
			targets = (
				0D45036F1E2431CC00F5F4FE /* App Downloader */,
			);
		};
/* End PBXProject section */

/* Begin PBXReferenceProxy section */
		01DF4D71299BE88D00D986F9 /* Installer.xpc */ = {
			isa = PBXReferenceProxy;
			fileType = "wrapper.xpc-service";
			path = Installer.xpc;
			remoteRef = 01DF4D70299BE88D00D986F9 /* PBXContainerItemProxy */;
			sourceTree = BUILT_PRODUCTS_DIR;
		};
		01DF4D73299BE88D00D986F9 /* InstallerConnection.xpc */ = {
			isa = PBXReferenceProxy;
			fileType = "wrapper.xpc-service";
			path = InstallerConnection.xpc;
			remoteRef = 01DF4D72299BE88D00D986F9 /* PBXContainerItemProxy */;
			sourceTree = BUILT_PRODUCTS_DIR;
		};
		01DF4D75299BE88D00D986F9 /* InstallerStatus.xpc */ = {
			isa = PBXReferenceProxy;
			fileType = "wrapper.xpc-service";
			path = InstallerStatus.xpc;
			remoteRef = 01DF4D74299BE88D00D986F9 /* PBXContainerItemProxy */;
			sourceTree = BUILT_PRODUCTS_DIR;
		};
		01DF4D77299BE88D00D986F9 /* Downloader.xpc */ = {
			isa = PBXReferenceProxy;
			fileType = "wrapper.xpc-service";
			path = Downloader.xpc;
			remoteRef = 01DF4D76299BE88D00D986F9 /* PBXContainerItemProxy */;
			sourceTree = BUILT_PRODUCTS_DIR;
		};
		01DF4D79299BE88D00D986F9 /* TestAppHelper.xpc */ = {
			isa = PBXReferenceProxy;
			fileType = "wrapper.xpc-service";
			path = TestAppHelper.xpc;
			remoteRef = 01DF4D78299BE88D00D986F9 /* PBXContainerItemProxy */;
			sourceTree = BUILT_PRODUCTS_DIR;
		};
		01DF4D7B299BE88D00D986F9 /* sparkle.app */ = {
			isa = PBXReferenceProxy;
			fileType = wrapper.application;
			path = sparkle.app;
			remoteRef = 01DF4D7A299BE88D00D986F9 /* PBXContainerItemProxy */;
			sourceTree = BUILT_PRODUCTS_DIR;
		};
		01DF4D7D299BE88D00D986F9 /* Updater.app */ = {
			isa = PBXReferenceProxy;
			fileType = wrapper.application;
			path = Updater.app;
			remoteRef = 01DF4D7C299BE88D00D986F9 /* PBXContainerItemProxy */;
			sourceTree = BUILT_PRODUCTS_DIR;
		};
		139725F82587E8BD00551302 /* Sparkle.framework */ = {
			isa = PBXReferenceProxy;
			fileType = wrapper.framework;
			path = Sparkle.framework;
			remoteRef = 139725F72587E8BD00551302 /* PBXContainerItemProxy */;
			sourceTree = BUILT_PRODUCTS_DIR;
		};
		139725FA2587E8BD00551302 /* Sparkle Test App.app */ = {
			isa = PBXReferenceProxy;
			fileType = wrapper.application;
			path = "Sparkle Test App.app";
			remoteRef = 139725F92587E8BD00551302 /* PBXContainerItemProxy */;
			sourceTree = BUILT_PRODUCTS_DIR;
		};
		139725FC2587E8BD00551302 /* Sparkle Unit Tests.xctest */ = {
			isa = PBXReferenceProxy;
			fileType = wrapper.cfbundle;
			path = "Sparkle Unit Tests.xctest";
			remoteRef = 139725FB2587E8BD00551302 /* PBXContainerItemProxy */;
			sourceTree = BUILT_PRODUCTS_DIR;
		};
		139725FE2587E8BD00551302 /* BinaryDelta */ = {
			isa = PBXReferenceProxy;
			fileType = "compiled.mach-o.executable";
			path = BinaryDelta;
			remoteRef = 139725FD2587E8BD00551302 /* PBXContainerItemProxy */;
			sourceTree = BUILT_PRODUCTS_DIR;
		};
		139726002587E8BD00551302 /* Autoupdate */ = {
			isa = PBXReferenceProxy;
			fileType = "compiled.mach-o.executable";
			path = Autoupdate;
			remoteRef = 139725FF2587E8BD00551302 /* PBXContainerItemProxy */;
			sourceTree = BUILT_PRODUCTS_DIR;
		};
		139726022587E8BD00551302 /* UI Tests.xctest */ = {
			isa = PBXReferenceProxy;
			fileType = wrapper.cfbundle;
			path = "UI Tests.xctest";
			remoteRef = 139726012587E8BD00551302 /* PBXContainerItemProxy */;
			sourceTree = BUILT_PRODUCTS_DIR;
		};
		139726062587E8BD00551302 /* generate_appcast */ = {
			isa = PBXReferenceProxy;
			fileType = "compiled.mach-o.executable";
			path = generate_appcast;
			remoteRef = 139726052587E8BD00551302 /* PBXContainerItemProxy */;
			sourceTree = BUILT_PRODUCTS_DIR;
		};
		139726082587E8BD00551302 /* generate_keys */ = {
			isa = PBXReferenceProxy;
			fileType = "compiled.mach-o.executable";
			path = generate_keys;
			remoteRef = 139726072587E8BD00551302 /* PBXContainerItemProxy */;
			sourceTree = BUILT_PRODUCTS_DIR;
		};
		1397260A2587E8BD00551302 /* sign_update */ = {
			isa = PBXReferenceProxy;
			fileType = "compiled.mach-o.executable";
			path = sign_update;
			remoteRef = 139726092587E8BD00551302 /* PBXContainerItemProxy */;
			sourceTree = BUILT_PRODUCTS_DIR;
		};
		1397260C2587E8BD00551302 /* libbsdiff.a */ = {
			isa = PBXReferenceProxy;
			fileType = archive.ar;
			path = libbsdiff.a;
			remoteRef = 1397260B2587E8BD00551302 /* PBXContainerItemProxy */;
			sourceTree = BUILT_PRODUCTS_DIR;
		};
		1397260E2587E8BD00551302 /* libed25519.a */ = {
			isa = PBXReferenceProxy;
			fileType = archive.ar;
			path = libed25519.a;
			remoteRef = 1397260D2587E8BD00551302 /* PBXContainerItemProxy */;
			sourceTree = BUILT_PRODUCTS_DIR;
		};
		13B95267259123A500FF5457 /* LetsMove Test.app */ = {
			isa = PBXReferenceProxy;
			fileType = wrapper.application;
			path = "LetsMove Test.app";
			remoteRef = 13B95266259123A500FF5457 /* PBXContainerItemProxy */;
			sourceTree = BUILT_PRODUCTS_DIR;
		};
		13B95269259123A500FF5457 /* LetsMove.framework */ = {
			isa = PBXReferenceProxy;
			fileType = wrapper.framework;
			path = LetsMove.framework;
			remoteRef = 13B95268259123A500FF5457 /* PBXContainerItemProxy */;
			sourceTree = BUILT_PRODUCTS_DIR;
		};
/* End PBXReferenceProxy section */

/* Begin PBXResourcesBuildPhase section */
		0D45036E1E2431CC00F5F4FE /* Resources */ = {
			isa = PBXResourcesBuildPhase;
			buildActionMask = 2147483647;
			files = (
				0DB50FA61E7BEB9C00403196 /* LICENSE in Resources */,
				0D4503781E2431CC00F5F4FE /* Assets.xcassets in Resources */,
				0D4503881E24328700F5F4FE /* Main.storyboard in Resources */,
			);
			runOnlyForDeploymentPostprocessing = 0;
		};
/* End PBXResourcesBuildPhase section */

/* Begin PBXSourcesBuildPhase section */
		0D45036C1E2431CC00F5F4FE /* Sources */ = {
			isa = PBXSourcesBuildPhase;
			buildActionMask = 2147483647;
			files = (
				0D4503851E24323000F5F4FE /* Search.swift in Sources */,
				0149A2A529B404DC008467B1 /* Color+HexString.swift in Sources */,
				0D4503761E2431CC00F5F4FE /* ViewController.swift in Sources */,
				0D4503741E2431CC00F5F4FE /* AppDelegate.swift in Sources */,
			);
			runOnlyForDeploymentPostprocessing = 0;
		};
/* End PBXSourcesBuildPhase section */

/* Begin PBXVariantGroup section */
		0D4503861E24328700F5F4FE /* Main.storyboard */ = {
			isa = PBXVariantGroup;
			children = (
				0D4503871E24328700F5F4FE /* Base */,
			);
			name = Main.storyboard;
			sourceTree = "<group>";
		};
/* End PBXVariantGroup section */

/* Begin XCBuildConfiguration section */
		0D45037D1E2431CC00F5F4FE /* Debug */ = {
			isa = XCBuildConfiguration;
			buildSettings = {
				ALWAYS_SEARCH_USER_PATHS = NO;
				CLANG_ANALYZER_LOCALIZABILITY_NONLOCALIZED = YES;
				CLANG_ANALYZER_NONNULL = YES;
				CLANG_CXX_LANGUAGE_STANDARD = "gnu++0x";
				CLANG_CXX_LIBRARY = "libc++";
				CLANG_ENABLE_MODULES = YES;
				CLANG_ENABLE_OBJC_ARC = YES;
				CLANG_WARN_BLOCK_CAPTURE_AUTORELEASING = YES;
				CLANG_WARN_BOOL_CONVERSION = YES;
				CLANG_WARN_COMMA = YES;
				CLANG_WARN_CONSTANT_CONVERSION = YES;
				CLANG_WARN_DEPRECATED_OBJC_IMPLEMENTATIONS = YES;
				CLANG_WARN_DIRECT_OBJC_ISA_USAGE = YES_ERROR;
				CLANG_WARN_DOCUMENTATION_COMMENTS = YES;
				CLANG_WARN_EMPTY_BODY = YES;
				CLANG_WARN_ENUM_CONVERSION = YES;
				CLANG_WARN_INFINITE_RECURSION = YES;
				CLANG_WARN_INT_CONVERSION = YES;
				CLANG_WARN_NON_LITERAL_NULL_CONVERSION = YES;
				CLANG_WARN_OBJC_IMPLICIT_RETAIN_SELF = YES;
				CLANG_WARN_OBJC_LITERAL_CONVERSION = YES;
				CLANG_WARN_OBJC_ROOT_CLASS = YES_ERROR;
				CLANG_WARN_QUOTED_INCLUDE_IN_FRAMEWORK_HEADER = YES;
				CLANG_WARN_RANGE_LOOP_ANALYSIS = YES;
				CLANG_WARN_STRICT_PROTOTYPES = YES;
				CLANG_WARN_SUSPICIOUS_MOVE = YES;
				CLANG_WARN_UNREACHABLE_CODE = YES;
				CLANG_WARN__DUPLICATE_METHOD_MATCH = YES;
				CODE_SIGN_IDENTITY = "-";
				COPY_PHASE_STRIP = NO;
				DEAD_CODE_STRIPPING = YES;
				DEBUG_INFORMATION_FORMAT = dwarf;
				ENABLE_STRICT_OBJC_MSGSEND = YES;
				ENABLE_TESTABILITY = YES;
				GCC_C_LANGUAGE_STANDARD = gnu99;
				GCC_DYNAMIC_NO_PIC = NO;
				GCC_NO_COMMON_BLOCKS = YES;
				GCC_OPTIMIZATION_LEVEL = 0;
				GCC_PREPROCESSOR_DEFINITIONS = (
					"DEBUG=1",
					"$(inherited)",
				);
				GCC_WARN_64_TO_32_BIT_CONVERSION = YES;
				GCC_WARN_ABOUT_RETURN_TYPE = YES_ERROR;
				GCC_WARN_UNDECLARED_SELECTOR = YES;
				GCC_WARN_UNINITIALIZED_AUTOS = YES_AGGRESSIVE;
				GCC_WARN_UNUSED_FUNCTION = YES;
				GCC_WARN_UNUSED_VARIABLE = YES;
				MACOSX_DEPLOYMENT_TARGET = 10.12;
				MTL_ENABLE_DEBUG_INFO = YES;
				ONLY_ACTIVE_ARCH = YES;
				SDKROOT = macosx;
				SWIFT_ACTIVE_COMPILATION_CONDITIONS = DEBUG;
				SWIFT_OPTIMIZATION_LEVEL = "-Onone";
			};
			name = Debug;
		};
		0D45037E1E2431CC00F5F4FE /* Release */ = {
			isa = XCBuildConfiguration;
			buildSettings = {
				ALWAYS_SEARCH_USER_PATHS = NO;
				CLANG_ANALYZER_LOCALIZABILITY_NONLOCALIZED = YES;
				CLANG_ANALYZER_NONNULL = YES;
				CLANG_CXX_LANGUAGE_STANDARD = "gnu++0x";
				CLANG_CXX_LIBRARY = "libc++";
				CLANG_ENABLE_MODULES = YES;
				CLANG_ENABLE_OBJC_ARC = YES;
				CLANG_WARN_BLOCK_CAPTURE_AUTORELEASING = YES;
				CLANG_WARN_BOOL_CONVERSION = YES;
				CLANG_WARN_COMMA = YES;
				CLANG_WARN_CONSTANT_CONVERSION = YES;
				CLANG_WARN_DEPRECATED_OBJC_IMPLEMENTATIONS = YES;
				CLANG_WARN_DIRECT_OBJC_ISA_USAGE = YES_ERROR;
				CLANG_WARN_DOCUMENTATION_COMMENTS = YES;
				CLANG_WARN_EMPTY_BODY = YES;
				CLANG_WARN_ENUM_CONVERSION = YES;
				CLANG_WARN_INFINITE_RECURSION = YES;
				CLANG_WARN_INT_CONVERSION = YES;
				CLANG_WARN_NON_LITERAL_NULL_CONVERSION = YES;
				CLANG_WARN_OBJC_IMPLICIT_RETAIN_SELF = YES;
				CLANG_WARN_OBJC_LITERAL_CONVERSION = YES;
				CLANG_WARN_OBJC_ROOT_CLASS = YES_ERROR;
				CLANG_WARN_QUOTED_INCLUDE_IN_FRAMEWORK_HEADER = YES;
				CLANG_WARN_RANGE_LOOP_ANALYSIS = YES;
				CLANG_WARN_STRICT_PROTOTYPES = YES;
				CLANG_WARN_SUSPICIOUS_MOVE = YES;
				CLANG_WARN_UNREACHABLE_CODE = YES;
				CLANG_WARN__DUPLICATE_METHOD_MATCH = YES;
				CODE_SIGN_IDENTITY = "-";
				COPY_PHASE_STRIP = NO;
				DEAD_CODE_STRIPPING = YES;
				DEBUG_INFORMATION_FORMAT = "dwarf-with-dsym";
				ENABLE_NS_ASSERTIONS = NO;
				ENABLE_STRICT_OBJC_MSGSEND = YES;
				GCC_C_LANGUAGE_STANDARD = gnu99;
				GCC_NO_COMMON_BLOCKS = YES;
				GCC_WARN_64_TO_32_BIT_CONVERSION = YES;
				GCC_WARN_ABOUT_RETURN_TYPE = YES_ERROR;
				GCC_WARN_UNDECLARED_SELECTOR = YES;
				GCC_WARN_UNINITIALIZED_AUTOS = YES_AGGRESSIVE;
				GCC_WARN_UNUSED_FUNCTION = YES;
				GCC_WARN_UNUSED_VARIABLE = YES;
				MACOSX_DEPLOYMENT_TARGET = 10.12;
				MTL_ENABLE_DEBUG_INFO = NO;
				SDKROOT = macosx;
				SWIFT_OPTIMIZATION_LEVEL = "-Owholemodule";
			};
			name = Release;
		};
		0D4503801E2431CC00F5F4FE /* Debug */ = {
			isa = XCBuildConfiguration;
			buildSettings = {
				ASSETCATALOG_COMPILER_APPICON_NAME = AppIcon;
				CODE_SIGN_IDENTITY = "Mac Developer";
				COMBINE_HIDPI_IMAGES = YES;
				CURRENT_PROJECT_VERSION = 7;
				DEAD_CODE_STRIPPING = YES;
				DEVELOPMENT_TEAM = "";
				ENABLE_HARDENED_RUNTIME = YES;
				INFOPLIST_FILE = "App Downloader/Info.plist";
				INFOPLIST_KEY_LSApplicationCategoryType = "public.app-category.utilities";
				LD_RUNPATH_SEARCH_PATHS = "$(inherited) @executable_path/../Frameworks";
				MACOSX_DEPLOYMENT_TARGET = 10.13;
				MARKETING_VERSION = 1.0.5;
				PRODUCT_BUNDLE_IDENTIFIER = "com.github.yep.App-Downloader";
				PRODUCT_NAME = "$(TARGET_NAME)";
				SWIFT_VERSION = 5.0;
			};
			name = Debug;
		};
		0D4503811E2431CC00F5F4FE /* Release */ = {
			isa = XCBuildConfiguration;
			buildSettings = {
				ASSETCATALOG_COMPILER_APPICON_NAME = AppIcon;
				CODE_SIGN_IDENTITY = "Mac Developer";
				COMBINE_HIDPI_IMAGES = YES;
				CURRENT_PROJECT_VERSION = 7;
				DEAD_CODE_STRIPPING = YES;
				DEVELOPMENT_TEAM = "";
				ENABLE_HARDENED_RUNTIME = YES;
				INFOPLIST_FILE = "App Downloader/Info.plist";
				INFOPLIST_KEY_LSApplicationCategoryType = "public.app-category.utilities";
				LD_RUNPATH_SEARCH_PATHS = "$(inherited) @executable_path/../Frameworks";
				MACOSX_DEPLOYMENT_TARGET = 10.13;
				MARKETING_VERSION = 1.0.5;
				PRODUCT_BUNDLE_IDENTIFIER = "com.github.yep.App-Downloader";
				PRODUCT_NAME = "$(TARGET_NAME)";
				SWIFT_VERSION = 5.0;
			};
			name = Release;
		};
/* End XCBuildConfiguration section */

/* Begin XCConfigurationList section */
		0D45036B1E2431CC00F5F4FE /* Build configuration list for PBXProject "App Downloader" */ = {
			isa = XCConfigurationList;
			buildConfigurations = (
				0D45037D1E2431CC00F5F4FE /* Debug */,
				0D45037E1E2431CC00F5F4FE /* Release */,
			);
			defaultConfigurationIsVisible = 0;
			defaultConfigurationName = Release;
		};
		0D45037F1E2431CC00F5F4FE /* Build configuration list for PBXNativeTarget "App Downloader" */ = {
			isa = XCConfigurationList;
			buildConfigurations = (
				0D4503801E2431CC00F5F4FE /* Debug */,
				0D4503811E2431CC00F5F4FE /* Release */,
			);
			defaultConfigurationIsVisible = 0;
			defaultConfigurationName = Release;
		};
/* End XCConfigurationList section */
	};
	rootObject = 0D4503681E2431CC00F5F4FE /* Project object */;
}
